{
  "version": 4,
  "terraform_version": "0.14.0",
  "serial": 336,
  "lineage": "80ef4227-781b-f687-c4a8-106eb4a14de1",
  "outputs": {},
  "resources": [
    {
      "mode": "data",
      "type": "aci_vmm_domain",
      "name": "vds",
      "provider": "provider[\"registry.terraform.io/ciscodevnet/aci\"]",
      "instances": [
        {
          "schema_version": 0,
          "attributes": {
            "access_mode": "read-write",
            "annotation": "",
            "arp_learning": "",
            "ave_time_out": "30",
            "config_infra_pg": "no",
            "ctrl_knob": "epDpVerify",
            "delimiter": "",
            "description": "{}",
            "enable_ave": "no",
            "enable_tag": "yes",
            "encap_mode": "unknown",
            "enf_pref": "hw",
            "ep_inventory_type": "on-link",
            "ep_ret_time": "0",
            "hv_avail_monitor": "no",
            "id": "uni/vmmp-VMware/dom-DVS_Domain",
            "mcast_addr": "0.0.0.0",
            "mode": "default",
            "name": "DVS_Domain",
            "name_alias": "",
            "pref_encap_mode": "unspecified",
            "provider_profile_dn": "uni/vmmp-VMware"
          },
          "sensitive_attributes": []
        }
      ]
    },
    {
      "mode": "managed",
      "type": "aci_application_epg",
      "name": "epg1",
      "provider": "provider[\"registry.terraform.io/ciscodevnet/aci\"]",
      "instances": [
        {
          "schema_version": 1,
          "attributes": {
            "annotation": "orchestrator:terraform",
            "application_profile_dn": "uni/tn-Syl/ap-app1",
            "description": "",
            "exception_tag": "",
            "flood_on_encap": "disabled",
            "fwd_ctrl": "",
            "has_mcast_source": "no",
            "id": "uni/tn-Syl/ap-app1/epg-epg1",
            "is_attr_based_epg": "no",
            "match_t": "AtleastOne",
            "name": "epg1",
            "name_alias": "",
            "pc_enf_pref": "unenforced",
            "pref_gr_memb": "exclude",
            "prio": "unspecified",
            "relation_fv_rs_aepg_mon_pol": "",
            "relation_fv_rs_bd": "uni/tn-Syl/BD-bd1",
            "relation_fv_rs_cons": [
              "uni/tn-Syl/brc-Ping"
            ],
            "relation_fv_rs_cons_if": null,
            "relation_fv_rs_cust_qos_pol": null,
            "relation_fv_rs_dpp_pol": "",
            "relation_fv_rs_fc_path_att": null,
            "relation_fv_rs_graph_def": null,
            "relation_fv_rs_intra_epg": null,
            "relation_fv_rs_node_att": null,
            "relation_fv_rs_prot_by": null,
            "relation_fv_rs_prov": null,
            "relation_fv_rs_prov_def": null,
            "relation_fv_rs_sec_inherited": null,
            "relation_fv_rs_trust_ctrl": "",
            "shutdown": "no"
          },
          "sensitive_attributes": [],
          "private": "eyJzY2hlbWFfdmVyc2lvbiI6IjEifQ==",
          "dependencies": [
            "aci_application_profile.app1",
            "aci_bridge_domain.bd1",
            "aci_contract.contract_epg1_epg2",
            "aci_tenant.demo",
            "aci_vrf.vrf1"
          ]
        }
      ]
    },
    {
      "mode": "managed",
      "type": "aci_application_epg",
      "name": "epg2",
      "provider": "provider[\"registry.terraform.io/ciscodevnet/aci\"]",
      "instances": [
        {
          "schema_version": 1,
          "attributes": {
            "annotation": "orchestrator:terraform",
            "application_profile_dn": "uni/tn-Syl/ap-app1",
            "description": "",
            "exception_tag": "",
            "flood_on_encap": "disabled",
            "fwd_ctrl": "",
            "has_mcast_source": "no",
            "id": "uni/tn-Syl/ap-app1/epg-epg2",
            "is_attr_based_epg": "no",
            "match_t": "AtleastOne",
            "name": "epg2",
            "name_alias": "",
            "pc_enf_pref": "unenforced",
            "pref_gr_memb": "exclude",
            "prio": "unspecified",
            "relation_fv_rs_aepg_mon_pol": "",
            "relation_fv_rs_bd": "uni/tn-Syl/BD-bd2",
            "relation_fv_rs_cons": null,
            "relation_fv_rs_cons_if": null,
            "relation_fv_rs_cust_qos_pol": null,
            "relation_fv_rs_dpp_pol": "",
            "relation_fv_rs_fc_path_att": null,
            "relation_fv_rs_graph_def": null,
            "relation_fv_rs_intra_epg": null,
            "relation_fv_rs_node_att": null,
            "relation_fv_rs_prot_by": null,
            "relation_fv_rs_prov": [
              "uni/tn-Syl/brc-Ping"
            ],
            "relation_fv_rs_prov_def": null,
            "relation_fv_rs_sec_inherited": null,
            "relation_fv_rs_trust_ctrl": "",
            "shutdown": "no"
          },
          "sensitive_attributes": [],
          "private": "eyJzY2hlbWFfdmVyc2lvbiI6IjEifQ==",
          "dependencies": [
            "aci_application_profile.app1",
            "aci_bridge_domain.bd2",
            "aci_contract.contract_epg1_epg2",
            "aci_tenant.demo",
            "aci_vrf.vrf1"
          ]
        }
      ]
    },
    {
      "mode": "managed",
      "type": "aci_application_profile",
      "name": "app1",
      "provider": "provider[\"registry.terraform.io/ciscodevnet/aci\"]",
      "instances": [
        {
          "schema_version": 1,
          "attributes": {
            "annotation": "orchestrator:terraform",
            "description": "",
            "id": "uni/tn-Syl/ap-app1",
            "name": "app1",
            "name_alias": "",
            "prio": "unspecified",
            "relation_fv_rs_ap_mon_pol": "",
            "tenant_dn": "uni/tn-Syl"
          },
          "sensitive_attributes": [],
          "private": "eyJzY2hlbWFfdmVyc2lvbiI6IjEifQ==",
          "dependencies": [
            "aci_tenant.demo"
          ]
        }
      ]
    },
    {
      "mode": "managed",
      "type": "aci_bridge_domain",
      "name": "bd1",
      "provider": "provider[\"registry.terraform.io/ciscodevnet/aci\"]",
      "instances": [
        {
          "schema_version": 1,
          "attributes": {
            "annotation": "orchestrator:terraform",
            "arp_flood": "no",
            "bridge_domain_type": "regular",
            "description": "",
            "ep_clear": "no",
            "ep_move_detect_mode": "",
            "host_based_routing": "no",
            "id": "uni/tn-Syl/BD-bd1",
            "intersite_bum_traffic_allow": "no",
            "intersite_l2_stretch": "no",
            "ip_learning": "yes",
            "ipv6_mcast_allow": "no",
            "limit_ip_learn_to_subnets": "yes",
            "ll_addr": "::",
            "mac": "00:22:BD:F8:19:FF",
            "mcast_allow": "no",
            "multi_dst_pkt_act": "bd-flood",
            "name": "bd1",
            "name_alias": "",
            "optimize_wan_bandwidth": "no",
            "relation_fv_rs_abd_pol_mon_pol": "",
            "relation_fv_rs_bd_flood_to": null,
            "relation_fv_rs_bd_to_ep_ret": null,
            "relation_fv_rs_bd_to_fhs": "",
            "relation_fv_rs_bd_to_nd_p": null,
            "relation_fv_rs_bd_to_netflow_monitor_pol": [],
            "relation_fv_rs_bd_to_out": null,
            "relation_fv_rs_bd_to_profile": "",
            "relation_fv_rs_bd_to_relay_p": "",
            "relation_fv_rs_ctx": "uni/tn-Syl/ctx-vrf1",
            "relation_fv_rs_igmpsn": null,
            "relation_fv_rs_mldsn": null,
            "tenant_dn": "uni/tn-Syl",
            "unicast_route": "yes",
            "unk_mac_ucast_act": "proxy",
            "unk_mcast_act": "flood",
            "v6unk_mcast_act": "flood",
            "vmac": "not-applicable"
          },
          "sensitive_attributes": [],
          "private": "eyJzY2hlbWFfdmVyc2lvbiI6IjEifQ==",
          "dependencies": [
            "aci_tenant.demo",
            "aci_vrf.vrf1"
          ]
        }
      ]
    },
    {
      "mode": "managed",
      "type": "aci_bridge_domain",
      "name": "bd2",
      "provider": "provider[\"registry.terraform.io/ciscodevnet/aci\"]",
      "instances": [
        {
          "schema_version": 1,
          "attributes": {
            "annotation": "orchestrator:terraform",
            "arp_flood": "no",
            "bridge_domain_type": "regular",
            "description": "",
            "ep_clear": "no",
            "ep_move_detect_mode": "",
            "host_based_routing": "no",
            "id": "uni/tn-Syl/BD-bd2",
            "intersite_bum_traffic_allow": "no",
            "intersite_l2_stretch": "no",
            "ip_learning": "yes",
            "ipv6_mcast_allow": "no",
            "limit_ip_learn_to_subnets": "yes",
            "ll_addr": "::",
            "mac": "00:22:BD:F8:19:FF",
            "mcast_allow": "no",
            "multi_dst_pkt_act": "bd-flood",
            "name": "bd2",
            "name_alias": "",
            "optimize_wan_bandwidth": "no",
            "relation_fv_rs_abd_pol_mon_pol": "",
            "relation_fv_rs_bd_flood_to": null,
            "relation_fv_rs_bd_to_ep_ret": null,
            "relation_fv_rs_bd_to_fhs": "",
            "relation_fv_rs_bd_to_nd_p": null,
            "relation_fv_rs_bd_to_netflow_monitor_pol": [],
            "relation_fv_rs_bd_to_out": null,
            "relation_fv_rs_bd_to_profile": "",
            "relation_fv_rs_bd_to_relay_p": "",
            "relation_fv_rs_ctx": "uni/tn-Syl/ctx-vrf1",
            "relation_fv_rs_igmpsn": null,
            "relation_fv_rs_mldsn": null,
            "tenant_dn": "uni/tn-Syl",
            "unicast_route": "yes",
            "unk_mac_ucast_act": "proxy",
            "unk_mcast_act": "flood",
            "v6unk_mcast_act": "flood",
            "vmac": "not-applicable"
          },
          "sensitive_attributes": [],
          "private": "eyJzY2hlbWFfdmVyc2lvbiI6IjEifQ==",
          "dependencies": [
            "aci_tenant.demo",
            "aci_vrf.vrf1"
          ]
        }
      ]
    },
    {
      "mode": "managed",
      "type": "aci_contract",
      "name": "contract_epg1_epg2",
      "provider": "provider[\"registry.terraform.io/ciscodevnet/aci\"]",
      "instances": [
        {
          "schema_version": 1,
          "attributes": {
            "annotation": "orchestrator:terraform",
            "description": "",
            "filter": [],
            "filter_entry_ids": [],
            "filter_ids": [],
            "id": "uni/tn-Syl/brc-Ping",
            "name": "Ping",
            "name_alias": "",
            "prio": "unspecified",
            "relation_vz_rs_graph_att": "",
            "scope": "context",
            "target_dscp": "unspecified",
            "tenant_dn": "uni/tn-Syl"
          },
          "sensitive_attributes": [],
          "private": "eyJzY2hlbWFfdmVyc2lvbiI6IjEifQ==",
          "dependencies": [
            "aci_tenant.demo"
          ]
        }
      ]
    },
    {
      "mode": "managed",
      "type": "aci_contract_subject",
      "name": "Ping_subject1",
      "provider": "provider[\"registry.terraform.io/ciscodevnet/aci\"]",
      "instances": [
        {
          "schema_version": 1,
          "attributes": {
            "annotation": "orchestrator:terraform",
            "cons_match_t": "AtleastOne",
            "contract_dn": "uni/tn-Syl/brc-Ping",
            "description": "",
            "id": "uni/tn-Syl/brc-Ping/subj-Subject",
            "name": "Subject",
            "name_alias": "",
            "prio": "unspecified",
            "prov_match_t": "AtleastOne",
            "relation_vz_rs_sdwan_pol": "",
            "relation_vz_rs_subj_filt_att": [
              "uni/tn-Syl/flt-allow_icmp"
            ],
            "relation_vz_rs_subj_graph_att": "",
            "rev_flt_ports": "yes",
            "target_dscp": "unspecified"
          },
          "sensitive_attributes": [],
          "private": "eyJzY2hlbWFfdmVyc2lvbiI6IjEifQ==",
          "dependencies": [
            "aci_contract.contract_epg1_epg2",
            "aci_filter.allow_icmp",
            "aci_tenant.demo"
          ]
        }
      ]
    },
    {
      "mode": "managed",
      "type": "aci_epg_to_domain",
      "name": "vmmepg1",
      "provider": "provider[\"registry.terraform.io/ciscodevnet/aci\"]",
      "instances": [
        {
          "schema_version": 1,
          "attributes": {
            "allow_micro_seg": false,
            "annotation": "orchestrator:terraform",
            "application_epg_dn": "uni/tn-Syl/ap-app1/epg-epg1",
            "binding_type": "none",
            "delimiter": "",
            "description": null,
            "encap": "unknown",
            "encap_mode": "auto",
            "epg_cos": "Cos0",
            "epg_cos_pref": "disabled",
            "id": "uni/tn-Syl/ap-app1/epg-epg1/rsdomAtt-[uni/vmmp-VMware/dom-DVS_Domain]",
            "instr_imedcy": "immediate",
            "lag_policy_name": "",
            "netflow_dir": "both",
            "netflow_pref": "disabled",
            "num_ports": "0",
            "port_allocation": "none",
            "primary_encap": "unknown",
            "primary_encap_inner": "unknown",
            "res_imedcy": "pre-provision",
            "secondary_encap_inner": "unknown",
            "switching_mode": "native",
            "tdn": "uni/vmmp-VMware/dom-DVS_Domain",
            "vmm_allow_promiscuous": "accept",
            "vmm_forged_transmits": "accept",
            "vmm_id": "uni/tn-Syl/ap-app1/epg-epg1/rsdomAtt-[uni/vmmp-VMware/dom-DVS_Domain]/sec",
            "vmm_mac_changes": "accept"
          },
          "sensitive_attributes": [],
          "private": "eyJzY2hlbWFfdmVyc2lvbiI6IjEifQ==",
          "dependencies": [
            "aci_application_epg.epg1",
            "aci_application_profile.app1",
            "aci_bridge_domain.bd1",
            "aci_contract.contract_epg1_epg2",
            "aci_tenant.demo",
            "aci_vrf.vrf1",
            "data.aci_vmm_domain.vds"
          ]
        }
      ]
    },
    {
      "mode": "managed",
      "type": "aci_epg_to_domain",
      "name": "vmmepg2",
      "provider": "provider[\"registry.terraform.io/ciscodevnet/aci\"]",
      "instances": [
        {
          "schema_version": 1,
          "attributes": {
            "allow_micro_seg": false,
            "annotation": "orchestrator:terraform",
            "application_epg_dn": "uni/tn-Syl/ap-app1/epg-epg2",
            "binding_type": "none",
            "delimiter": "",
            "description": null,
            "encap": "unknown",
            "encap_mode": "auto",
            "epg_cos": "Cos0",
            "epg_cos_pref": "disabled",
            "id": "uni/tn-Syl/ap-app1/epg-epg2/rsdomAtt-[uni/vmmp-VMware/dom-DVS_Domain]",
            "instr_imedcy": "immediate",
            "lag_policy_name": "",
            "netflow_dir": "both",
            "netflow_pref": "disabled",
            "num_ports": "0",
            "port_allocation": "none",
            "primary_encap": "unknown",
            "primary_encap_inner": "unknown",
            "res_imedcy": "pre-provision",
            "secondary_encap_inner": "unknown",
            "switching_mode": "native",
            "tdn": "uni/vmmp-VMware/dom-DVS_Domain",
            "vmm_allow_promiscuous": "accept",
            "vmm_forged_transmits": "accept",
            "vmm_id": "uni/tn-Syl/ap-app1/epg-epg2/rsdomAtt-[uni/vmmp-VMware/dom-DVS_Domain]/sec",
            "vmm_mac_changes": "accept"
          },
          "sensitive_attributes": [],
          "private": "eyJzY2hlbWFfdmVyc2lvbiI6IjEifQ==",
          "dependencies": [
            "aci_application_epg.epg2",
            "aci_application_profile.app1",
            "aci_bridge_domain.bd2",
            "aci_contract.contract_epg1_epg2",
            "aci_tenant.demo",
            "aci_vrf.vrf1",
            "data.aci_vmm_domain.vds"
          ]
        }
      ]
    },
    {
      "mode": "managed",
      "type": "aci_filter",
      "name": "allow_icmp",
      "provider": "provider[\"registry.terraform.io/ciscodevnet/aci\"]",
      "instances": [
        {
          "schema_version": 1,
          "attributes": {
            "annotation": "orchestrator:terraform",
            "description": "",
            "id": "uni/tn-Syl/flt-allow_icmp",
            "name": "allow_icmp",
            "name_alias": "",
            "relation_vz_rs_filt_graph_att": "",
            "relation_vz_rs_fwd_r_flt_p_att": "",
            "relation_vz_rs_rev_r_flt_p_att": "",
            "tenant_dn": "uni/tn-Syl"
          },
          "sensitive_attributes": [],
          "private": "eyJzY2hlbWFfdmVyc2lvbiI6IjEifQ==",
          "dependencies": [
            "aci_tenant.demo"
          ]
        }
      ]
    },
    {
      "mode": "managed",
      "type": "aci_filter_entry",
      "name": "icmp",
      "provider": "provider[\"registry.terraform.io/ciscodevnet/aci\"]",
      "instances": [
        {
          "schema_version": 1,
          "attributes": {
            "annotation": "orchestrator:terraform",
            "apply_to_frag": "no",
            "arp_opc": "unspecified",
            "d_from_port": "unspecified",
            "d_to_port": "unspecified",
            "description": "",
            "ether_t": "ip",
            "filter_dn": "uni/tn-Syl/flt-allow_icmp",
            "icmpv4_t": "unspecified",
            "icmpv6_t": "unspecified",
            "id": "uni/tn-Syl/flt-allow_icmp/e-icmp",
            "match_dscp": "unspecified",
            "name": "icmp",
            "name_alias": "",
            "prot": "icmp",
            "s_from_port": "unspecified",
            "s_to_port": "unspecified",
            "stateful": "yes",
            "tcp_rules": ""
          },
          "sensitive_attributes": [],
          "private": "eyJzY2hlbWFfdmVyc2lvbiI6IjEifQ==",
          "dependencies": [
            "aci_filter.allow_icmp",
            "aci_tenant.demo"
          ]
        }
      ]
    },
    {
      "mode": "managed",
      "type": "aci_subnet",
      "name": "bd1_subnet",
      "provider": "provider[\"registry.terraform.io/ciscodevnet/aci\"]",
      "instances": [
        {
          "schema_version": 1,
          "attributes": {
            "annotation": "orchestrator:terraform",
            "ctrl": [
              "nd"
            ],
            "description": "",
            "id": "uni/tn-Syl/BD-bd1/subnet-[10.200.0.254/24]",
            "ip": "10.200.0.254/24",
            "name_alias": "",
            "parent_dn": "uni/tn-Syl/BD-bd1",
            "preferred": "no",
            "relation_fv_rs_bd_subnet_to_out": null,
            "relation_fv_rs_bd_subnet_to_profile": "",
            "relation_fv_rs_nd_pfx_pol": "",
            "scope": [
              "shared"
            ],
            "virtual": "no"
          },
          "sensitive_attributes": [],
          "private": "eyJzY2hlbWFfdmVyc2lvbiI6IjEifQ==",
          "dependencies": [
            "aci_bridge_domain.bd1",
            "aci_tenant.demo",
            "aci_vrf.vrf1"
          ]
        }
      ]
    },
    {
      "mode": "managed",
      "type": "aci_subnet",
      "name": "bd2_subnet",
      "provider": "provider[\"registry.terraform.io/ciscodevnet/aci\"]",
      "instances": [
        {
          "schema_version": 1,
          "attributes": {
            "annotation": "orchestrator:terraform",
            "ctrl": [
              "nd"
            ],
            "description": "",
            "id": "uni/tn-Syl/BD-bd2/subnet-[10.201.0.254/24]",
            "ip": "10.201.0.254/24",
            "name_alias": "",
            "parent_dn": "uni/tn-Syl/BD-bd2",
            "preferred": "no",
            "relation_fv_rs_bd_subnet_to_out": null,
            "relation_fv_rs_bd_subnet_to_profile": "",
            "relation_fv_rs_nd_pfx_pol": "",
            "scope": [
              "shared"
            ],
            "virtual": "no"
          },
          "sensitive_attributes": [],
          "private": "eyJzY2hlbWFfdmVyc2lvbiI6IjEifQ==",
          "dependencies": [
            "aci_bridge_domain.bd2",
            "aci_tenant.demo",
            "aci_vrf.vrf1"
          ]
        }
      ]
    },
    {
      "mode": "managed",
      "type": "aci_tenant",
      "name": "demo",
      "provider": "provider[\"registry.terraform.io/ciscodevnet/aci\"]",
      "instances": [
        {
          "schema_version": 1,
          "attributes": {
            "annotation": "orchestrator:terraform",
            "description": "automated by terraform",
            "id": "uni/tn-Syl",
            "name": "Syl",
            "name_alias": "",
            "relation_fv_rs_tenant_mon_pol": null,
            "relation_fv_rs_tn_deny_rule": null
          },
          "sensitive_attributes": [],
          "private": "eyJzY2hlbWFfdmVyc2lvbiI6IjEifQ=="
        }
      ]
    },
    {
      "mode": "managed",
      "type": "aci_vrf",
      "name": "vrf1",
      "provider": "provider[\"registry.terraform.io/ciscodevnet/aci\"]",
      "instances": [
        {
          "schema_version": 1,
          "attributes": {
            "annotation": "orchestrator:terraform",
            "bd_enforced_enable": "no",
            "description": "",
            "id": "uni/tn-Syl/ctx-vrf1",
            "ip_data_plane_learning": "enabled",
            "knw_mcast_act": "permit",
            "name": "vrf1",
            "name_alias": "",
            "pc_enf_dir": "ingress",
            "pc_enf_pref": "unenforced",
            "relation_fv_rs_bgp_ctx_pol": null,
            "relation_fv_rs_ctx_mcast_to": null,
            "relation_fv_rs_ctx_mon_pol": "",
            "relation_fv_rs_ctx_to_bgp_ctx_af_pol": [],
            "relation_fv_rs_ctx_to_eigrp_ctx_af_pol": [],
            "relation_fv_rs_ctx_to_ep_ret": null,
            "relation_fv_rs_ctx_to_ext_route_tag_pol": null,
            "relation_fv_rs_ctx_to_ospf_ctx_pol": [],
            "relation_fv_rs_ospf_ctx_pol": null,
            "relation_fv_rs_vrf_validation_pol": null,
            "tenant_dn": "uni/tn-Syl"
          },
          "sensitive_attributes": [],
          "private": "eyJzY2hlbWFfdmVyc2lvbiI6IjEifQ==",
          "dependencies": [
            "aci_tenant.demo"
          ]
        }
      ]
    }
  ]
}
